
Microsoft Visual Studio Solution File, Format Version 12.00
# Visual Studio 14
VisualStudioVersion = 14.0.24720.0
MinimumVisualStudioVersion = 10.0.40219.1
Project("{F2A71F9B-5D33-465A-A702-920D77279786}") = "MathEngine", "MathEngine\MathEngine.fsproj", "{C21DFF71-DB7D-4CCB-BC7E-DD37BD08CED9}"
EndProject
Project("{F2A71F9B-5D33-465A-A702-920D77279786}") = "Tester", "Tester\Tester.fsproj", "{9CECC6E7-5230-4C53-9918-9D3F46D2FA96}"
EndProject
Project("{2150E333-8FDC-42A3-9474-1A3956D46DE8}") = ".nuget", ".nuget", "{B998076E-06A0-4419-BFA2-0D6461AAB305}"
	ProjectSection(SolutionItems) = preProject
		.nuget\packages.config = .nuget\packages.config
	EndProjectSection
EndProject
Global
	GlobalSection(SolutionConfigurationPlatforms) = preSolution
		Debug|Any CPU = Debug|Any CPU
		Release|Any CPU = Release|Any CPU
	EndGlobalSection
	GlobalSection(ProjectConfigurationPlatforms) = postSolution
		{C21DFF71-DB7D-4CCB-BC7E-DD37BD08CED9}.Debug|Any CPU.ActiveCfg = Debug|Any CPU
		{C21DFF71-DB7D-4CCB-BC7E-DD37BD08CED9}.Debug|Any CPU.Build.0 = Debug|Any CPU
		{C21DFF71-DB7D-4CCB-BC7E-DD37BD08CED9}.Release|Any CPU.ActiveCfg = Release|Any CPU
		{C21DFF71-DB7D-4CCB-BC7E-DD37BD08CED9}.Release|Any CPU.Build.0 = Release|Any CPU
		{9CECC6E7-5230-4C53-9918-9D3F46D2FA96}.Debug|Any CPU.ActiveCfg = Debug|Any CPU
		{9CECC6E7-5230-4C53-9918-9D3F46D2FA96}.Debug|Any CPU.Build.0 = Debug|Any CPU
		{9CECC6E7-5230-4C53-9918-9D3F46D2FA96}.Release|Any CPU.ActiveCfg = Release|Any CPU
		{9CECC6E7-5230-4C53-9918-9D3F46D2FA96}.Release|Any CPU.Build.0 = Release|Any CPU
	EndGlobalSection
	GlobalSection(SolutionProperties) = preSolution
		HideSolutionNode = FALSE
	EndGlobalSection
EndGlobal
